{
  "name": "plugin-demo",
  "version": "1.0.0",
  "lockfileVersion": 2,
  "requires": true,
  "packages": {
    "": {
      "name": "plugin-demo",
      "version": "1.0.0",
      "license": "MIT",
      "devDependencies": {
        "iina-plugin-definition": "^0.0.7"
      }
    },
    "node_modules/iina-plugin-definition": {
      "version": "0.0.7",
      "resolved": "https://registry.npmjs.org/iina-plugin-definition/-/iina-plugin-definition-0.0.7.tgz",
      "integrity": "sha512-rBB7ggTcwKIEXyX9i2WgSO1K/FChO7lva07AWqi8E63pt/BGzukxXCv5DwEY7/0ZdxBwjaDk1XhH8fvPZTM10Q==",
      "dev": true
    }
  },
  "dependencies": {
    "iina-plugin-definition": {
      "version": "0.0.7",
      "resolved": "https://registry.npmjs.org/iina-plugin-definition/-/iina-plugin-definition-0.0.7.tgz",
      "integrity": "sha512-rBB7ggTcwKIEXyX9i2WgSO1K/FChO7lva07AWqi8E63pt/BGzukxXCv5DwEY7/0ZdxBwjaDk1XhH8fvPZTM10Q==",
      "dev": true
    }
  }
}
